
Microsoft Visual Studio Solution File, Format Version 12.00
# Visual Studio Version 16
VisualStudioVersion = 16.0.30907.101
MinimumVisualStudioVersion = 10.0.40219.1
Project("{9A19103F-16F7-4668-BE54-9A1E7A4F7556}") = "InterGalacticEcomm", "InterGalacticEcomm\InterGalacticEcomm.csproj", "{39B55A27-B96B-4A56-9F80-BD936F332961}"
EndProject
Project("{FAE04EC0-301F-11D3-BF4B-00C04F79EFBC}") = "XUnitTestProject1", "XUnitTestProject1\XUnitTestProject1.csproj", "{1029613A-8823-4A39-8960-E88A62F6DEC9}"
EndProject
Global
	GlobalSection(SolutionConfigurationPlatforms) = preSolution
		Debug|Any CPU = Debug|Any CPU
		Release|Any CPU = Release|Any CPU
	EndGlobalSection
	GlobalSection(ProjectConfigurationPlatforms) = postSolution
		{39B55A27-B96B-4A56-9F80-BD936F332961}.Debug|Any CPU.ActiveCfg = Debug|Any CPU
		{39B55A27-B96B-4A56-9F80-BD936F332961}.Debug|Any CPU.Build.0 = Debug|Any CPU
		{39B55A27-B96B-4A56-9F80-BD936F332961}.Release|Any CPU.ActiveCfg = Release|Any CPU
		{39B55A27-B96B-4A56-9F80-BD936F332961}.Release|Any CPU.Build.0 = Release|Any CPU
		{1029613A-8823-4A39-8960-E88A62F6DEC9}.Debug|Any CPU.ActiveCfg = Debug|Any CPU
		{1029613A-8823-4A39-8960-E88A62F6DEC9}.Debug|Any CPU.Build.0 = Debug|Any CPU
		{1029613A-8823-4A39-8960-E88A62F6DEC9}.Release|Any CPU.ActiveCfg = Release|Any CPU
		{1029613A-8823-4A39-8960-E88A62F6DEC9}.Release|Any CPU.Build.0 = Release|Any CPU
	EndGlobalSection
	GlobalSection(SolutionProperties) = preSolution
		HideSolutionNode = FALSE
	EndGlobalSection
	GlobalSection(ExtensibilityGlobals) = postSolution
		SolutionGuid = {45F6307D-7939-4F22-8926-9906F62638E6}
	EndGlobalSection
EndGlobal
